
Microsoft Visual Studio Solution File, Format Version 12.00
# Visual Studio Version 16
VisualStudioVersion = 16.0.30204.135
MinimumVisualStudioVersion = 10.0.40219.1
Project("{FAE04EC0-301F-11D3-BF4B-00C04F79EFBC}") = "HelloASPDotNet", "HelloASPDotNet.csproj", "{6E04D730-B83E-4D9C-9B05-515B072E41C3}"
EndProject
Global
	GlobalSection(SolutionConfigurationPlatforms) = preSolution
		Debug|Any CPU = Debug|Any CPU
		Release|Any CPU = Release|Any CPU
	EndGlobalSection
	GlobalSection(ProjectConfigurationPlatforms) = postSolution
		{6E04D730-B83E-4D9C-9B05-515B072E41C3}.Debug|Any CPU.ActiveCfg = Debug|Any CPU
		{6E04D730-B83E-4D9C-9B05-515B072E41C3}.Debug|Any CPU.Build.0 = Debug|Any CPU
		{6E04D730-B83E-4D9C-9B05-515B072E41C3}.Release|Any CPU.ActiveCfg = Release|Any CPU
		{6E04D730-B83E-4D9C-9B05-515B072E41C3}.Release|Any CPU.Build.0 = Release|Any CPU
	EndGlobalSection
	GlobalSection(SolutionProperties) = preSolution
		HideSolutionNode = FALSE
	EndGlobalSection
	GlobalSection(ExtensibilityGlobals) = postSolution
		SolutionGuid = {ECAEA233-0A61-4D62-9F12-21A97BE7848E}
	EndGlobalSection
EndGlobal
